
Microsoft Visual Studio Solution File, Format Version 12.00
# Visual Studio 2012
Project("{FAE04EC0-301F-11D3-BF4B-00C04F79EFBC}") = "R10", "R10\R10.csproj", "{F8FB1261-4BDE-4AAB-AD94-575192F9A80B}"
EndProject
Project("{2150E333-8FDC-42A3-9474-1A3956D46DE8}") = "Solution Items", "Solution Items", "{63F52330-CC9F-4C65-8102-FE29D15154E7}"
	ProjectSection(SolutionItems) = preProject
		..\..\..\Users\Adam Development\Documents\Visual Studio 2012\Projects\WIPS\AA\AA_MVC_WorkingCopy_branch_MajorDev\AA_AlgoRythms.txt = ..\..\..\Users\Adam Development\Documents\Visual Studio 2012\Projects\WIPS\AA\AA_MVC_WorkingCopy_branch_MajorDev\AA_AlgoRythms.txt
	EndProjectSection
EndProject
Global
	GlobalSection(SolutionConfigurationPlatforms) = preSolution
		Debug|Any CPU = Debug|Any CPU
		Release|Any CPU = Release|Any CPU
	EndGlobalSection
	GlobalSection(ProjectConfigurationPlatforms) = postSolution
		{F8FB1261-4BDE-4AAB-AD94-575192F9A80B}.Debug|Any CPU.ActiveCfg = Debug|Any CPU
		{F8FB1261-4BDE-4AAB-AD94-575192F9A80B}.Debug|Any CPU.Build.0 = Debug|Any CPU
		{F8FB1261-4BDE-4AAB-AD94-575192F9A80B}.Release|Any CPU.ActiveCfg = Release|Any CPU
		{F8FB1261-4BDE-4AAB-AD94-575192F9A80B}.Release|Any CPU.Build.0 = Release|Any CPU
	EndGlobalSection
	GlobalSection(SolutionProperties) = preSolution
		HideSolutionNode = FALSE
	EndGlobalSection
EndGlobal
